// !$*UTF8*$!
{
	archiveVersion = 1;
	classes = {
	};
	objectVersion = 46;
	objects = {

/* Begin PBXGroup section */
		D9B2CAFA1BD8B45D00A49C25 = {
			isa = PBXGroup;
			children = (
			);
			sourceTree = "<group>";
		};
/* End PBXGroup section */

/* Begin PBXProject section */
		D9B2CAFB1BD8B45D00A49C25 /* Project object */ = {
			isa = PBXProject;
			attributes = {
				LastUpgradeCheck = 0710;
			};
			buildConfigurationList = D9B2CAFE1BD8B45D00A49C25 /* Build configuration list for PBXProject "IRosetta" */;
			compatibilityVersion = "Xcode 3.2";
			developmentRegion = English;
			hasScannedForEncodings = 0;
			knownRegions = (
				en,
			);
			mainGroup = D9B2CAFA1BD8B45D00A49C25;
			projectDirPath = "";
			projectRoot = "";
			targets = (
			);
		};
/* End PBXProject section */

/* Begin XCBuildConfiguration section */
		D9B2CAFF1BD8B45D00A49C25 /* Debug */ = {
			isa = XCBuildConfiguration;
			buildSettings = {
			};
			name = Debug;
		};
		D9B2CB001BD8B45D00A49C25 /* Release */ = {
			isa = XCBuildConfiguration;
			buildSettings = {
			};
			name = Release;
		};
/* End XCBuildConfiguration section */

/* Begin XCConfigurationList section */
		D9B2CAFE1BD8B45D00A49C25 /* Build configuration list for PBXProject "IRosetta" */ = {
			isa = XCConfigurationList;
			buildConfigurations = (
				D9B2CAFF1BD8B45D00A49C25 /* Debug */,
				D9B2CB001BD8B45D00A49C25 /* Release */,
			);
			defaultConfigurationIsVisible = 0;
			defaultConfigurationName = Release;
		};
/* End XCConfigurationList section */
	};
	rootObject = D9B2CAFB1BD8B45D00A49C25 /* Project object */;
}
